// !$*UTF8*$!
{
	archiveVersion = 1;
	classes = {
	};
	objectVersion = 46;
	objects = {

/* Begin PBXBuildFile section */
		7E3AEE8C1BA779B600A36EB4 /* main.m in Sources */ = {isa = PBXBuildFile; fileRef = 7E3AEE8B1BA779B600A36EB4 /* main.m */; };
		7E3AEE8F1BA779B600A36EB4 /* AppDelegate.m in Sources */ = {isa = PBXBuildFile; fileRef = 7E3AEE8E1BA779B600A36EB4 /* AppDelegate.m */; };
		7E3AEE921BA779B600A36EB4 /* ViewController.m in Sources */ = {isa = PBXBuildFile; fileRef = 7E3AEE911BA779B600A36EB4 /* ViewController.m */; };
		7E3AEE951BA779B600A36EB4 /* Main.storyboard in Resources */ = {isa = PBXBuildFile; fileRef = 7E3AEE931BA779B600A36EB4 /* Main.storyboard */; };
		7E3AEE971BA779B600A36EB4 /* Images.xcassets in Resources */ = {isa = PBXBuildFile; fileRef = 7E3AEE961BA779B600A36EB4 /* Images.xcassets */; };
		7E3AEE9A1BA779B600A36EB4 /* LaunchScreen.xib in Resources */ = {isa = PBXBuildFile; fileRef = 7E3AEE981BA779B600A36EB4 /* LaunchScreen.xib */; };
		7E3AEEA61BA779B700A36EB4 /* RestAPIExampleTests.m in Sources */ = {isa = PBXBuildFile; fileRef = 7E3AEEA51BA779B700A36EB4 /* RestAPIExampleTests.m */; };
		7E3AEEB11BA77BE800A36EB4 /* WeatherViewController.m in Sources */ = {isa = PBXBuildFile; fileRef = 7E3AEEB01BA77BE800A36EB4 /* WeatherViewController.m */; };
		7E3AEEC61BA7887800A36EB4 /* AFHTTPRequestOperation.m in Sources */ = {isa = PBXBuildFile; fileRef = 7E3AEEB41BA7887800A36EB4 /* AFHTTPRequestOperation.m */; };
		7E3AEEC71BA7887800A36EB4 /* AFHTTPRequestOperationManager.m in Sources */ = {isa = PBXBuildFile; fileRef = 7E3AEEB61BA7887800A36EB4 /* AFHTTPRequestOperationManager.m */; };
		7E3AEEC81BA7887800A36EB4 /* AFHTTPSessionManager.m in Sources */ = {isa = PBXBuildFile; fileRef = 7E3AEEB81BA7887800A36EB4 /* AFHTTPSessionManager.m */; };
		7E3AEEC91BA7887800A36EB4 /* AFNetworkReachabilityManager.m in Sources */ = {isa = PBXBuildFile; fileRef = 7E3AEEBB1BA7887800A36EB4 /* AFNetworkReachabilityManager.m */; };
		7E3AEECA1BA7887800A36EB4 /* AFSecurityPolicy.m in Sources */ = {isa = PBXBuildFile; fileRef = 7E3AEEBD1BA7887800A36EB4 /* AFSecurityPolicy.m */; };
		7E3AEECB1BA7887800A36EB4 /* AFURLConnectionOperation.m in Sources */ = {isa = PBXBuildFile; fileRef = 7E3AEEBF1BA7887800A36EB4 /* AFURLConnectionOperation.m */; };
		7E3AEECC1BA7887800A36EB4 /* AFURLRequestSerialization.m in Sources */ = {isa = PBXBuildFile; fileRef = 7E3AEEC11BA7887800A36EB4 /* AFURLRequestSerialization.m */; };
		7E3AEECD1BA7887800A36EB4 /* AFURLResponseSerialization.m in Sources */ = {isa = PBXBuildFile; fileRef = 7E3AEEC31BA7887800A36EB4 /* AFURLResponseSerialization.m */; };
		7E3AEECE1BA7887800A36EB4 /* AFURLSessionManager.m in Sources */ = {isa = PBXBuildFile; fileRef = 7E3AEEC51BA7887800A36EB4 /* AFURLSessionManager.m */; };
/* End PBXBuildFile section */

/* Begin PBXContainerItemProxy section */
		7E3AEEA01BA779B700A36EB4 /* PBXContainerItemProxy */ = {
			isa = PBXContainerItemProxy;
			containerPortal = 7E3AEE7E1BA779B500A36EB4 /* Project object */;
			proxyType = 1;
			remoteGlobalIDString = 7E3AEE851BA779B600A36EB4;
			remoteInfo = RestAPIExample;
		};
/* End PBXContainerItemProxy section */

/* Begin PBXFileReference section */
		7E3AEE861BA779B600A36EB4 /* RestAPIExample.app */ = {isa = PBXFileReference; explicitFileType = wrapper.application; includeInIndex = 0; path = RestAPIExample.app; sourceTree = BUILT_PRODUCTS_DIR; };
		7E3AEE8A1BA779B600A36EB4 /* Info.plist */ = {isa = PBXFileReference; lastKnownFileType = text.plist.xml; path = Info.plist; sourceTree = "<group>"; };
		7E3AEE8B1BA779B600A36EB4 /* main.m */ = {isa = PBXFileReference; lastKnownFileType = sourcecode.c.objc; path = main.m; sourceTree = "<group>"; };
		7E3AEE8D1BA779B600A36EB4 /* AppDelegate.h */ = {isa = PBXFileReference; lastKnownFileType = sourcecode.c.h; path = AppDelegate.h; sourceTree = "<group>"; };
		7E3AEE8E1BA779B600A36EB4 /* AppDelegate.m */ = {isa = PBXFileReference; lastKnownFileType = sourcecode.c.objc; path = AppDelegate.m; sourceTree = "<group>"; };
		7E3AEE901BA779B600A36EB4 /* ViewController.h */ = {isa = PBXFileReference; lastKnownFileType = sourcecode.c.h; path = ViewController.h; sourceTree = "<group>"; };
		7E3AEE911BA779B600A36EB4 /* ViewController.m */ = {isa = PBXFileReference; lastKnownFileType = sourcecode.c.objc; path = ViewController.m; sourceTree = "<group>"; };
		7E3AEE941BA779B600A36EB4 /* Base */ = {isa = PBXFileReference; lastKnownFileType = file.storyboard; name = Base; path = Base.lproj/Main.storyboard; sourceTree = "<group>"; };
		7E3AEE961BA779B600A36EB4 /* Images.xcassets */ = {isa = PBXFileReference; lastKnownFileType = folder.assetcatalog; path = Images.xcassets; sourceTree = "<group>"; };
		7E3AEE991BA779B600A36EB4 /* Base */ = {isa = PBXFileReference; lastKnownFileType = file.xib; name = Base; path = Base.lproj/LaunchScreen.xib; sourceTree = "<group>"; };
		7E3AEE9F1BA779B700A36EB4 /* RestAPIExampleTests.xctest */ = {isa = PBXFileReference; explicitFileType = wrapper.cfbundle; includeInIndex = 0; path = RestAPIExampleTests.xctest; sourceTree = BUILT_PRODUCTS_DIR; };
		7E3AEEA41BA779B700A36EB4 /* Info.plist */ = {isa = PBXFileReference; lastKnownFileType = text.plist.xml; path = Info.plist; sourceTree = "<group>"; };
		7E3AEEA51BA779B700A36EB4 /* RestAPIExampleTests.m */ = {isa = PBXFileReference; lastKnownFileType = sourcecode.c.objc; path = RestAPIExampleTests.m; sourceTree = "<group>"; };
		7E3AEEAF1BA77BE800A36EB4 /* WeatherViewController.h */ = {isa = PBXFileReference; fileEncoding = 4; lastKnownFileType = sourcecode.c.h; path = WeatherViewController.h; sourceTree = "<group>"; };
		7E3AEEB01BA77BE800A36EB4 /* WeatherViewController.m */ = {isa = PBXFileReference; fileEncoding = 4; lastKnownFileType = sourcecode.c.objc; path = WeatherViewController.m; sourceTree = "<group>"; };
		7E3AEEB31BA7887800A36EB4 /* AFHTTPRequestOperation.h */ = {isa = PBXFileReference; fileEncoding = 4; lastKnownFileType = sourcecode.c.h; path = AFHTTPRequestOperation.h; sourceTree = "<group>"; };
		7E3AEEB41BA7887800A36EB4 /* AFHTTPRequestOperation.m */ = {isa = PBXFileReference; fileEncoding = 4; lastKnownFileType = sourcecode.c.objc; path = AFHTTPRequestOperation.m; sourceTree = "<group>"; };
		7E3AEEB51BA7887800A36EB4 /* AFHTTPRequestOperationManager.h */ = {isa = PBXFileReference; fileEncoding = 4; lastKnownFileType = sourcecode.c.h; path = AFHTTPRequestOperationManager.h; sourceTree = "<group>"; };
		7E3AEEB61BA7887800A36EB4 /* AFHTTPRequestOperationManager.m */ = {isa = PBXFileReference; fileEncoding = 4; lastKnownFileType = sourcecode.c.objc; path = AFHTTPRequestOperationManager.m; sourceTree = "<group>"; };
		7E3AEEB71BA7887800A36EB4 /* AFHTTPSessionManager.h */ = {isa = PBXFileReference; fileEncoding = 4; lastKnownFileType = sourcecode.c.h; path = AFHTTPSessionManager.h; sourceTree = "<group>"; };
		7E3AEEB81BA7887800A36EB4 /* AFHTTPSessionManager.m */ = {isa = PBXFileReference; fileEncoding = 4; lastKnownFileType = sourcecode.c.objc; path = AFHTTPSessionManager.m; sourceTree = "<group>"; };
		7E3AEEB91BA7887800A36EB4 /* AFNetworking.h */ = {isa = PBXFileReference; fileEncoding = 4; lastKnownFileType = sourcecode.c.h; path = AFNetworking.h; sourceTree = "<group>"; };
		7E3AEEBA1BA7887800A36EB4 /* AFNetworkReachabilityManager.h */ = {isa = PBXFileReference; fileEncoding = 4; lastKnownFileType = sourcecode.c.h; path = AFNetworkReachabilityManager.h; sourceTree = "<group>"; };
		7E3AEEBB1BA7887800A36EB4 /* AFNetworkReachabilityManager.m */ = {isa = PBXFileReference; fileEncoding = 4; lastKnownFileType = sourcecode.c.objc; path = AFNetworkReachabilityManager.m; sourceTree = "<group>"; };
		7E3AEEBC1BA7887800A36EB4 /* AFSecurityPolicy.h */ = {isa = PBXFileReference; fileEncoding = 4; lastKnownFileType = sourcecode.c.h; path = AFSecurityPolicy.h; sourceTree = "<group>"; };
		7E3AEEBD1BA7887800A36EB4 /* AFSecurityPolicy.m */ = {isa = PBXFileReference; fileEncoding = 4; lastKnownFileType = sourcecode.c.objc; path = AFSecurityPolicy.m; sourceTree = "<group>"; };
		7E3AEEBE1BA7887800A36EB4 /* AFURLConnectionOperation.h */ = {isa = PBXFileReference; fileEncoding = 4; lastKnownFileType = sourcecode.c.h; path = AFURLConnectionOperation.h; sourceTree = "<group>"; };
		7E3AEEBF1BA7887800A36EB4 /* AFURLConnectionOperation.m */ = {isa = PBXFileReference; fileEncoding = 4; lastKnownFileType = sourcecode.c.objc; path = AFURLConnectionOperation.m; sourceTree = "<group>"; };
		7E3AEEC01BA7887800A36EB4 /* AFURLRequestSerialization.h */ = {isa = PBXFileReference; fileEncoding = 4; lastKnownFileType = sourcecode.c.h; path = AFURLRequestSerialization.h; sourceTree = "<group>"; };
		7E3AEEC11BA7887800A36EB4 /* AFURLRequestSerialization.m */ = {isa = PBXFileReference; fileEncoding = 4; lastKnownFileType = sourcecode.c.objc; path = AFURLRequestSerialization.m; sourceTree = "<group>"; };
		7E3AEEC21BA7887800A36EB4 /* AFURLResponseSerialization.h */ = {isa = PBXFileReference; fileEncoding = 4; lastKnownFileType = sourcecode.c.h; path = AFURLResponseSerialization.h; sourceTree = "<group>"; };
		7E3AEEC31BA7887800A36EB4 /* AFURLResponseSerialization.m */ = {isa = PBXFileReference; fileEncoding = 4; lastKnownFileType = sourcecode.c.objc; path = AFURLResponseSerialization.m; sourceTree = "<group>"; };
		7E3AEEC41BA7887800A36EB4 /* AFURLSessionManager.h */ = {isa = PBXFileReference; fileEncoding = 4; lastKnownFileType = sourcecode.c.h; path = AFURLSessionManager.h; sourceTree = "<group>"; };
		7E3AEEC51BA7887800A36EB4 /* AFURLSessionManager.m */ = {isa = PBXFileReference; fileEncoding = 4; lastKnownFileType = sourcecode.c.objc; path = AFURLSessionManager.m; sourceTree = "<group>"; };
/* End PBXFileReference section */

/* Begin PBXFrameworksBuildPhase section */
		7E3AEE831BA779B600A36EB4 /* Frameworks */ = {
			isa = PBXFrameworksBuildPhase;
			buildActionMask = 2147483647;
			files = (
			);
			runOnlyForDeploymentPostprocessing = 0;
		};
		7E3AEE9C1BA779B700A36EB4 /* Frameworks */ = {
			isa = PBXFrameworksBuildPhase;
			buildActionMask = 2147483647;
			files = (
			);
			runOnlyForDeploymentPostprocessing = 0;
		};
/* End PBXFrameworksBuildPhase section */

/* Begin PBXGroup section */
		7E3AEE7D1BA779B500A36EB4 = {
			isa = PBXGroup;
			children = (
				7E3AEE881BA779B600A36EB4 /* RestAPIExample */,
				7E3AEEA21BA779B700A36EB4 /* RestAPIExampleTests */,
				7E3AEE871BA779B600A36EB4 /* Products */,
			);
			sourceTree = "<group>";
		};
		7E3AEE871BA779B600A36EB4 /* Products */ = {
			isa = PBXGroup;
			children = (
				7E3AEE861BA779B600A36EB4 /* RestAPIExample.app */,
				7E3AEE9F1BA779B700A36EB4 /* RestAPIExampleTests.xctest */,
			);
			name = Products;
			sourceTree = "<group>";
		};
		7E3AEE881BA779B600A36EB4 /* RestAPIExample */ = {
			isa = PBXGroup;
			children = (
				7E3AEEB21BA7887800A36EB4 /* AFNetworking */,
				7E3AEE8D1BA779B600A36EB4 /* AppDelegate.h */,
				7E3AEE8E1BA779B600A36EB4 /* AppDelegate.m */,
				7E3AEE901BA779B600A36EB4 /* ViewController.h */,
				7E3AEE911BA779B600A36EB4 /* ViewController.m */,
				7E3AEE931BA779B600A36EB4 /* Main.storyboard */,
				7E3AEE961BA779B600A36EB4 /* Images.xcassets */,
				7E3AEE981BA779B600A36EB4 /* LaunchScreen.xib */,
				7E3AEE891BA779B600A36EB4 /* Supporting Files */,
				7E3AEEAF1BA77BE800A36EB4 /* WeatherViewController.h */,
				7E3AEEB01BA77BE800A36EB4 /* WeatherViewController.m */,
			);
			path = RestAPIExample;
			sourceTree = "<group>";
		};
		7E3AEE891BA779B600A36EB4 /* Supporting Files */ = {
			isa = PBXGroup;
			children = (
				7E3AEE8A1BA779B600A36EB4 /* Info.plist */,
				7E3AEE8B1BA779B600A36EB4 /* main.m */,
			);
			name = "Supporting Files";
			sourceTree = "<group>";
		};
		7E3AEEA21BA779B700A36EB4 /* RestAPIExampleTests */ = {
			isa = PBXGroup;
			children = (
				7E3AEEA51BA779B700A36EB4 /* RestAPIExampleTests.m */,
				7E3AEEA31BA779B700A36EB4 /* Supporting Files */,
			);
			path = RestAPIExampleTests;
			sourceTree = "<group>";
		};
		7E3AEEA31BA779B700A36EB4 /* Supporting Files */ = {
			isa = PBXGroup;
			children = (
				7E3AEEA41BA779B700A36EB4 /* Info.plist */,
			);
			name = "Supporting Files";
			sourceTree = "<group>";
		};
		7E3AEEB21BA7887800A36EB4 /* AFNetworking */ = {
			isa = PBXGroup;
			children = (
				7E3AEEB31BA7887800A36EB4 /* AFHTTPRequestOperation.h */,
				7E3AEEB41BA7887800A36EB4 /* AFHTTPRequestOperation.m */,
				7E3AEEB51BA7887800A36EB4 /* AFHTTPRequestOperationManager.h */,
				7E3AEEB61BA7887800A36EB4 /* AFHTTPRequestOperationManager.m */,
				7E3AEEB71BA7887800A36EB4 /* AFHTTPSessionManager.h */,
				7E3AEEB81BA7887800A36EB4 /* AFHTTPSessionManager.m */,
				7E3AEEB91BA7887800A36EB4 /* AFNetworking.h */,
				7E3AEEBA1BA7887800A36EB4 /* AFNetworkReachabilityManager.h */,
				7E3AEEBB1BA7887800A36EB4 /* AFNetworkReachabilityManager.m */,
				7E3AEEBC1BA7887800A36EB4 /* AFSecurityPolicy.h */,
				7E3AEEBD1BA7887800A36EB4 /* AFSecurityPolicy.m */,
				7E3AEEBE1BA7887800A36EB4 /* AFURLConnectionOperation.h */,
				7E3AEEBF1BA7887800A36EB4 /* AFURLConnectionOperation.m */,
				7E3AEEC01BA7887800A36EB4 /* AFURLRequestSerialization.h */,
				7E3AEEC11BA7887800A36EB4 /* AFURLRequestSerialization.m */,
				7E3AEEC21BA7887800A36EB4 /* AFURLResponseSerialization.h */,
				7E3AEEC31BA7887800A36EB4 /* AFURLResponseSerialization.m */,
				7E3AEEC41BA7887800A36EB4 /* AFURLSessionManager.h */,
				7E3AEEC51BA7887800A36EB4 /* AFURLSessionManager.m */,
			);
			name = AFNetworking;
			path = ../AFNetworking;
			sourceTree = "<group>";
		};
/* End PBXGroup section */

/* Begin PBXNativeTarget section */
		7E3AEE851BA779B600A36EB4 /* RestAPIExample */ = {
			isa = PBXNativeTarget;
			buildConfigurationList = 7E3AEEA91BA779B700A36EB4 /* Build configuration list for PBXNativeTarget "RestAPIExample" */;
			buildPhases = (
				7E3AEE821BA779B600A36EB4 /* Sources */,
				7E3AEE831BA779B600A36EB4 /* Frameworks */,
				7E3AEE841BA779B600A36EB4 /* Resources */,
			);
			buildRules = (
			);
			dependencies = (
			);
			name = RestAPIExample;
			productName = RestAPIExample;
			productReference = 7E3AEE861BA779B600A36EB4 /* RestAPIExample.app */;
			productType = "com.apple.product-type.application";
		};
		7E3AEE9E1BA779B700A36EB4 /* RestAPIExampleTests */ = {
			isa = PBXNativeTarget;
			buildConfigurationList = 7E3AEEAC1BA779B700A36EB4 /* Build configuration list for PBXNativeTarget "RestAPIExampleTests" */;
			buildPhases = (
				7E3AEE9B1BA779B700A36EB4 /* Sources */,
				7E3AEE9C1BA779B700A36EB4 /* Frameworks */,
				7E3AEE9D1BA779B700A36EB4 /* Resources */,
			);
			buildRules = (
			);
			dependencies = (
				7E3AEEA11BA779B700A36EB4 /* PBXTargetDependency */,
			);
			name = RestAPIExampleTests;
			productName = RestAPIExampleTests;
			productReference = 7E3AEE9F1BA779B700A36EB4 /* RestAPIExampleTests.xctest */;
			productType = "com.apple.product-type.bundle.unit-test";
		};
/* End PBXNativeTarget section */

/* Begin PBXProject section */
		7E3AEE7E1BA779B500A36EB4 /* Project object */ = {
			isa = PBXProject;
			attributes = {
				LastUpgradeCheck = 0640;
				ORGANIZATIONNAME = "Larson, Jordan (UMKC-Student)";
				TargetAttributes = {
					7E3AEE851BA779B600A36EB4 = {
						CreatedOnToolsVersion = 6.4;
					};
					7E3AEE9E1BA779B700A36EB4 = {
						CreatedOnToolsVersion = 6.4;
						TestTargetID = 7E3AEE851BA779B600A36EB4;
					};
				};
			};
			buildConfigurationList = 7E3AEE811BA779B500A36EB4 /* Build configuration list for PBXProject "RestAPIExample" */;
			compatibilityVersion = "Xcode 3.2";
			developmentRegion = English;
			hasScannedForEncodings = 0;
			knownRegions = (
				en,
				Base,
			);
			mainGroup = 7E3AEE7D1BA779B500A36EB4;
			productRefGroup = 7E3AEE871BA779B600A36EB4 /* Products */;
			projectDirPath = "";
			projectRoot = "";
			targets = (
				7E3AEE851BA779B600A36EB4 /* RestAPIExample */,
				7E3AEE9E1BA779B700A36EB4 /* RestAPIExampleTests */,
			);
		};
/* End PBXProject section */

/* Begin PBXResourcesBuildPhase section */
		7E3AEE841BA779B600A36EB4 /* Resources */ = {
			isa = PBXResourcesBuildPhase;
			buildActionMask = 2147483647;
			files = (
				7E3AEE951BA779B600A36EB4 /* Main.storyboard in Resources */,
				7E3AEE9A1BA779B600A36EB4 /* LaunchScreen.xib in Resources */,
				7E3AEE971BA779B600A36EB4 /* Images.xcassets in Resources */,
			);
			runOnlyForDeploymentPostprocessing = 0;
		};
		7E3AEE9D1BA779B700A36EB4 /* Resources */ = {
			isa = PBXResourcesBuildPhase;
			buildActionMask = 2147483647;
			files = (
			);
			runOnlyForDeploymentPostprocessing = 0;
		};
/* End PBXResourcesBuildPhase section */

/* Begin PBXSourcesBuildPhase section */
		7E3AEE821BA779B600A36EB4 /* Sources */ = {
			isa = PBXSourcesBuildPhase;
			buildActionMask = 2147483647;
			files = (
				7E3AEE921BA779B600A36EB4 /* ViewController.m in Sources */,
				7E3AEECA1BA7887800A36EB4 /* AFSecurityPolicy.m in Sources */,
				7E3AEEB11BA77BE800A36EB4 /* WeatherViewController.m in Sources */,
				7E3AEEC71BA7887800A36EB4 /* AFHTTPRequestOperationManager.m in Sources */,
				7E3AEECB1BA7887800A36EB4 /* AFURLConnectionOperation.m in Sources */,
				7E3AEEC61BA7887800A36EB4 /* AFHTTPRequestOperation.m in Sources */,
				7E3AEE8F1BA779B600A36EB4 /* AppDelegate.m in Sources */,
				7E3AEECC1BA7887800A36EB4 /* AFURLRequestSerialization.m in Sources */,
				7E3AEEC81BA7887800A36EB4 /* AFHTTPSessionManager.m in Sources */,
				7E3AEEC91BA7887800A36EB4 /* AFNetworkReachabilityManager.m in Sources */,
				7E3AEECD1BA7887800A36EB4 /* AFURLResponseSerialization.m in Sources */,
				7E3AEECE1BA7887800A36EB4 /* AFURLSessionManager.m in Sources */,
				7E3AEE8C1BA779B600A36EB4 /* main.m in Sources */,
			);
			runOnlyForDeploymentPostprocessing = 0;
		};
		7E3AEE9B1BA779B700A36EB4 /* Sources */ = {
			isa = PBXSourcesBuildPhase;
			buildActionMask = 2147483647;
			files = (
				7E3AEEA61BA779B700A36EB4 /* RestAPIExampleTests.m in Sources */,
			);
			runOnlyForDeploymentPostprocessing = 0;
		};
/* End PBXSourcesBuildPhase section */

/* Begin PBXTargetDependency section */
		7E3AEEA11BA779B700A36EB4 /* PBXTargetDependency */ = {
			isa = PBXTargetDependency;
			target = 7E3AEE851BA779B600A36EB4 /* RestAPIExample */;
			targetProxy = 7E3AEEA01BA779B700A36EB4 /* PBXContainerItemProxy */;
		};
/* End PBXTargetDependency section */

/* Begin PBXVariantGroup section */
		7E3AEE931BA779B600A36EB4 /* Main.storyboard */ = {
			isa = PBXVariantGroup;
			children = (
				7E3AEE941BA779B600A36EB4 /* Base */,
			);
			name = Main.storyboard;
			sourceTree = "<group>";
		};
		7E3AEE981BA779B600A36EB4 /* LaunchScreen.xib */ = {
			isa = PBXVariantGroup;
			children = (
				7E3AEE991BA779B600A36EB4 /* Base */,
			);
			name = LaunchScreen.xib;
			sourceTree = "<group>";
		};
/* End PBXVariantGroup section */

/* Begin XCBuildConfiguration section */
		7E3AEEA71BA779B700A36EB4 /* Debug */ = {
			isa = XCBuildConfiguration;
			buildSettings = {
				ALWAYS_SEARCH_USER_PATHS = NO;
				CLANG_CXX_LANGUAGE_STANDARD = "gnu++0x";
				CLANG_CXX_LIBRARY = "libc++";
				CLANG_ENABLE_MODULES = YES;
				CLANG_ENABLE_OBJC_ARC = YES;
				CLANG_WARN_BOOL_CONVERSION = YES;
				CLANG_WARN_CONSTANT_CONVERSION = YES;
				CLANG_WARN_DIRECT_OBJC_ISA_USAGE = YES_ERROR;
				CLANG_WARN_EMPTY_BODY = YES;
				CLANG_WARN_ENUM_CONVERSION = YES;
				CLANG_WARN_INT_CONVERSION = YES;
				CLANG_WARN_OBJC_ROOT_CLASS = YES_ERROR;
				CLANG_WARN_UNREACHABLE_CODE = YES;
				CLANG_WARN__DUPLICATE_METHOD_MATCH = YES;
				"CODE_SIGN_IDENTITY[sdk=iphoneos*]" = "iPhone Developer";
				COPY_PHASE_STRIP = NO;
				DEBUG_INFORMATION_FORMAT = "dwarf-with-dsym";
				ENABLE_STRICT_OBJC_MSGSEND = YES;
				GCC_C_LANGUAGE_STANDARD = gnu99;
				GCC_DYNAMIC_NO_PIC = NO;
				GCC_NO_COMMON_BLOCKS = YES;
				GCC_OPTIMIZATION_LEVEL = 0;
				GCC_PREPROCESSOR_DEFINITIONS = (
					"DEBUG=1",
					"$(inherited)",
				);
				GCC_SYMBOLS_PRIVATE_EXTERN = NO;
				GCC_WARN_64_TO_32_BIT_CONVERSION = YES;
				GCC_WARN_ABOUT_RETURN_TYPE = YES_ERROR;
				GCC_WARN_UNDECLARED_SELECTOR = YES;
				GCC_WARN_UNINITIALIZED_AUTOS = YES_AGGRESSIVE;
				GCC_WARN_UNUSED_FUNCTION = YES;
				GCC_WARN_UNUSED_VARIABLE = YES;
				IPHONEOS_DEPLOYMENT_TARGET = 8.4;
				MTL_ENABLE_DEBUG_INFO = YES;
				ONLY_ACTIVE_ARCH = YES;
				SDKROOT = iphoneos;
				TARGETED_DEVICE_FAMILY = "1,2";
			};
			name = Debug;
		};
		7E3AEEA81BA779B700A36EB4 /* Release */ = {
			isa = XCBuildConfiguration;
			buildSettings = {
				ALWAYS_SEARCH_USER_PATHS = NO;
				CLANG_CXX_LANGUAGE_STANDARD = "gnu++0x";
				CLANG_CXX_LIBRARY = "libc++";
				CLANG_ENABLE_MODULES = YES;
				CLANG_ENABLE_OBJC_ARC = YES;
				CLANG_WARN_BOOL_CONVERSION = YES;
				CLANG_WARN_CONSTANT_CONVERSION = YES;
				CLANG_WARN_DIRECT_OBJC_ISA_USAGE = YES_ERROR;
				CLANG_WARN_EMPTY_BODY = YES;
				CLANG_WARN_ENUM_CONVERSION = YES;
				CLANG_WARN_INT_CONVERSION = YES;
				CLANG_WARN_OBJC_ROOT_CLASS = YES_ERROR;
				CLANG_WARN_UNREACHABLE_CODE = YES;
				CLANG_WARN__DUPLICATE_METHOD_MATCH = YES;
				"CODE_SIGN_IDENTITY[sdk=iphoneos*]" = "iPhone Developer";
				COPY_PHASE_STRIP = NO;
				DEBUG_INFORMATION_FORMAT = "dwarf-with-dsym";
				ENABLE_NS_ASSERTIONS = NO;
				ENABLE_STRICT_OBJC_MSGSEND = YES;
				GCC_C_LANGUAGE_STANDARD = gnu99;
				GCC_NO_COMMON_BLOCKS = YES;
				GCC_WARN_64_TO_32_BIT_CONVERSION = YES;
				GCC_WARN_ABOUT_RETURN_TYPE = YES_ERROR;
				GCC_WARN_UNDECLARED_SELECTOR = YES;
				GCC_WARN_UNINITIALIZED_AUTOS = YES_AGGRESSIVE;
				GCC_WARN_UNUSED_FUNCTION = YES;
				GCC_WARN_UNUSED_VARIABLE = YES;
				IPHONEOS_DEPLOYMENT_TARGET = 8.4;
				MTL_ENABLE_DEBUG_INFO = NO;
				SDKROOT = iphoneos;
				TARGETED_DEVICE_FAMILY = "1,2";
				VALIDATE_PRODUCT = YES;
			};
			name = Release;
		};
		7E3AEEAA1BA779B700A36EB4 /* Debug */ = {
			isa = XCBuildConfiguration;
			buildSettings = {
				ASSETCATALOG_COMPILER_APPICON_NAME = AppIcon;
				INFOPLIST_FILE = RestAPIExample/Info.plist;
				LD_RUNPATH_SEARCH_PATHS = "$(inherited) @executable_path/Frameworks";
				PRODUCT_NAME = "$(TARGET_NAME)";
			};
			name = Debug;
		};
		7E3AEEAB1BA779B700A36EB4 /* Release */ = {
			isa = XCBuildConfiguration;
			buildSettings = {
				ASSETCATALOG_COMPILER_APPICON_NAME = AppIcon;
				INFOPLIST_FILE = RestAPIExample/Info.plist;
				LD_RUNPATH_SEARCH_PATHS = "$(inherited) @executable_path/Frameworks";
				PRODUCT_NAME = "$(TARGET_NAME)";
			};
			name = Release;
		};
		7E3AEEAD1BA779B700A36EB4 /* Debug */ = {
			isa = XCBuildConfiguration;
			buildSettings = {
				BUNDLE_LOADER = "$(TEST_HOST)";
				FRAMEWORK_SEARCH_PATHS = (
					"$(SDKROOT)/Developer/Library/Frameworks",
					"$(inherited)",
				);
				GCC_PREPROCESSOR_DEFINITIONS = (
					"DEBUG=1",
					"$(inherited)",
				);
				INFOPLIST_FILE = RestAPIExampleTests/Info.plist;
				LD_RUNPATH_SEARCH_PATHS = "$(inherited) @executable_path/Frameworks @loader_path/Frameworks";
				PRODUCT_NAME = "$(TARGET_NAME)";
				TEST_HOST = "$(BUILT_PRODUCTS_DIR)/RestAPIExample.app/RestAPIExample";
			};
			name = Debug;
		};
		7E3AEEAE1BA779B700A36EB4 /* Release */ = {
			isa = XCBuildConfiguration;
			buildSettings = {
				BUNDLE_LOADER = "$(TEST_HOST)";
				FRAMEWORK_SEARCH_PATHS = (
					"$(SDKROOT)/Developer/Library/Frameworks",
					"$(inherited)",
				);
				INFOPLIST_FILE = RestAPIExampleTests/Info.plist;
				LD_RUNPATH_SEARCH_PATHS = "$(inherited) @executable_path/Frameworks @loader_path/Frameworks";
				PRODUCT_NAME = "$(TARGET_NAME)";
				TEST_HOST = "$(BUILT_PRODUCTS_DIR)/RestAPIExample.app/RestAPIExample";
			};
			name = Release;
		};
/* End XCBuildConfiguration section */

/* Begin XCConfigurationList section */
		7E3AEE811BA779B500A36EB4 /* Build configuration list for PBXProject "RestAPIExample" */ = {
			isa = XCConfigurationList;
			buildConfigurations = (
				7E3AEEA71BA779B700A36EB4 /* Debug */,
				7E3AEEA81BA779B700A36EB4 /* Release */,
			);
			defaultConfigurationIsVisible = 0;
			defaultConfigurationName = Release;
		};
		7E3AEEA91BA779B700A36EB4 /* Build configuration list for PBXNativeTarget "RestAPIExample" */ = {
			isa = XCConfigurationList;
			buildConfigurations = (
				7E3AEEAA1BA779B700A36EB4 /* Debug */,
				7E3AEEAB1BA779B700A36EB4 /* Release */,
			);
			defaultConfigurationIsVisible = 0;
			defaultConfigurationName = Release;
		};
		7E3AEEAC1BA779B700A36EB4 /* Build configuration list for PBXNativeTarget "RestAPIExampleTests" */ = {
			isa = XCConfigurationList;
			buildConfigurations = (
				7E3AEEAD1BA779B700A36EB4 /* Debug */,
				7E3AEEAE1BA779B700A36EB4 /* Release */,
			);
			defaultConfigurationIsVisible = 0;
			defaultConfigurationName = Release;
		};
/* End XCConfigurationList section */
	};
	rootObject = 7E3AEE7E1BA779B500A36EB4 /* Project object */;
}
